
Microsoft Visual Studio Solution File, Format Version 12.00
# Visual Studio Version 17
VisualStudioVersion = 17.0.31903.59
MinimumVisualStudioVersion = 10.0.40219.1
Project("{2150E333-8FDC-42A3-9474-1A3956D46DE8}") = "src", "src", "{827E0CD3-B72D-47B6-A68D-7590B98EB39B}"
EndProject
Project("{FAE04EC0-301F-11D3-BF4B-00C04F79EFBC}") = "BSC-0909.Controller", "src\BSC-0909.Controller\BSC-0909.Controller.csproj", "{E498A712-DC54-4F88-A659-FAE8410F8E19}"
EndProject
Project("{FAE04EC0-301F-11D3-BF4B-00C04F79EFBC}") = "BSC-0909.Application", "src\BSC-0909.Application\BSC-0909.Application.csproj", "{07991E24-735F-4984-BEE7-ABB658D0CAD0}"
EndProject
Project("{FAE04EC0-301F-11D3-BF4B-00C04F79EFBC}") = "BSC-0909.Domain", "src\BSC-0909.Domain\BSC-0909.Domain.csproj", "{C33BF3A7-5E54-4063-B958-FBF1C0538549}"
EndProject
Project("{FAE04EC0-301F-11D3-BF4B-00C04F79EFBC}") = "BSC-0909.Infrastructure", "src\BSC-0909.Infrastructure\BSC-0909.Infrastructure.csproj", "{77190C9F-3F83-4B4E-806F-2BEAC0E0CC1B}"
EndProject
Project("{FAE04EC0-301F-11D3-BF4B-00C04F79EFBC}") = "BSC-0909.Contract", "src\BSC-0909.Contract\BSC-0909.Contract.csproj", "{5B6AE57D-2628-4CCA-8192-B530AC10337C}"
EndProject
Global
	GlobalSection(SolutionConfigurationPlatforms) = preSolution
		Debug|Any CPU = Debug|Any CPU
		Debug|x64 = Debug|x64
		Debug|x86 = Debug|x86
		Release|Any CPU = Release|Any CPU
		Release|x64 = Release|x64
		Release|x86 = Release|x86
	EndGlobalSection
	GlobalSection(ProjectConfigurationPlatforms) = postSolution
		{E498A712-DC54-4F88-A659-FAE8410F8E19}.Debug|Any CPU.ActiveCfg = Debug|Any CPU
		{E498A712-DC54-4F88-A659-FAE8410F8E19}.Debug|Any CPU.Build.0 = Debug|Any CPU
		{E498A712-DC54-4F88-A659-FAE8410F8E19}.Debug|x64.ActiveCfg = Debug|Any CPU
		{E498A712-DC54-4F88-A659-FAE8410F8E19}.Debug|x64.Build.0 = Debug|Any CPU
		{E498A712-DC54-4F88-A659-FAE8410F8E19}.Debug|x86.ActiveCfg = Debug|Any CPU
		{E498A712-DC54-4F88-A659-FAE8410F8E19}.Debug|x86.Build.0 = Debug|Any CPU
		{E498A712-DC54-4F88-A659-FAE8410F8E19}.Release|Any CPU.ActiveCfg = Release|Any CPU
		{E498A712-DC54-4F88-A659-FAE8410F8E19}.Release|Any CPU.Build.0 = Release|Any CPU
		{E498A712-DC54-4F88-A659-FAE8410F8E19}.Release|x64.ActiveCfg = Release|Any CPU
		{E498A712-DC54-4F88-A659-FAE8410F8E19}.Release|x64.Build.0 = Release|Any CPU
		{E498A712-DC54-4F88-A659-FAE8410F8E19}.Release|x86.ActiveCfg = Release|Any CPU
		{E498A712-DC54-4F88-A659-FAE8410F8E19}.Release|x86.Build.0 = Release|Any CPU
		{07991E24-735F-4984-BEE7-ABB658D0CAD0}.Debug|Any CPU.ActiveCfg = Debug|Any CPU
		{07991E24-735F-4984-BEE7-ABB658D0CAD0}.Debug|Any CPU.Build.0 = Debug|Any CPU
		{07991E24-735F-4984-BEE7-ABB658D0CAD0}.Debug|x64.ActiveCfg = Debug|Any CPU
		{07991E24-735F-4984-BEE7-ABB658D0CAD0}.Debug|x64.Build.0 = Debug|Any CPU
		{07991E24-735F-4984-BEE7-ABB658D0CAD0}.Debug|x86.ActiveCfg = Debug|Any CPU
		{07991E24-735F-4984-BEE7-ABB658D0CAD0}.Debug|x86.Build.0 = Debug|Any CPU
		{07991E24-735F-4984-BEE7-ABB658D0CAD0}.Release|Any CPU.ActiveCfg = Release|Any CPU
		{07991E24-735F-4984-BEE7-ABB658D0CAD0}.Release|Any CPU.Build.0 = Release|Any CPU
		{07991E24-735F-4984-BEE7-ABB658D0CAD0}.Release|x64.ActiveCfg = Release|Any CPU
		{07991E24-735F-4984-BEE7-ABB658D0CAD0}.Release|x64.Build.0 = Release|Any CPU
		{07991E24-735F-4984-BEE7-ABB658D0CAD0}.Release|x86.ActiveCfg = Release|Any CPU
		{07991E24-735F-4984-BEE7-ABB658D0CAD0}.Release|x86.Build.0 = Release|Any CPU
		{C33BF3A7-5E54-4063-B958-FBF1C0538549}.Debug|Any CPU.ActiveCfg = Debug|Any CPU
		{C33BF3A7-5E54-4063-B958-FBF1C0538549}.Debug|Any CPU.Build.0 = Debug|Any CPU
		{C33BF3A7-5E54-4063-B958-FBF1C0538549}.Debug|x64.ActiveCfg = Debug|Any CPU
		{C33BF3A7-5E54-4063-B958-FBF1C0538549}.Debug|x64.Build.0 = Debug|Any CPU
		{C33BF3A7-5E54-4063-B958-FBF1C0538549}.Debug|x86.ActiveCfg = Debug|Any CPU
		{C33BF3A7-5E54-4063-B958-FBF1C0538549}.Debug|x86.Build.0 = Debug|Any CPU
		{C33BF3A7-5E54-4063-B958-FBF1C0538549}.Release|Any CPU.ActiveCfg = Release|Any CPU
		{C33BF3A7-5E54-4063-B958-FBF1C0538549}.Release|Any CPU.Build.0 = Release|Any CPU
		{C33BF3A7-5E54-4063-B958-FBF1C0538549}.Release|x64.ActiveCfg = Release|Any CPU
		{C33BF3A7-5E54-4063-B958-FBF1C0538549}.Release|x64.Build.0 = Release|Any CPU
		{C33BF3A7-5E54-4063-B958-FBF1C0538549}.Release|x86.ActiveCfg = Release|Any CPU
		{C33BF3A7-5E54-4063-B958-FBF1C0538549}.Release|x86.Build.0 = Release|Any CPU
		{77190C9F-3F83-4B4E-806F-2BEAC0E0CC1B}.Debug|Any CPU.ActiveCfg = Debug|Any CPU
		{77190C9F-3F83-4B4E-806F-2BEAC0E0CC1B}.Debug|Any CPU.Build.0 = Debug|Any CPU
		{77190C9F-3F83-4B4E-806F-2BEAC0E0CC1B}.Debug|x64.ActiveCfg = Debug|Any CPU
		{77190C9F-3F83-4B4E-806F-2BEAC0E0CC1B}.Debug|x64.Build.0 = Debug|Any CPU
		{77190C9F-3F83-4B4E-806F-2BEAC0E0CC1B}.Debug|x86.ActiveCfg = Debug|Any CPU
		{77190C9F-3F83-4B4E-806F-2BEAC0E0CC1B}.Debug|x86.Build.0 = Debug|Any CPU
		{77190C9F-3F83-4B4E-806F-2BEAC0E0CC1B}.Release|Any CPU.ActiveCfg = Release|Any CPU
		{77190C9F-3F83-4B4E-806F-2BEAC0E0CC1B}.Release|Any CPU.Build.0 = Release|Any CPU
		{77190C9F-3F83-4B4E-806F-2BEAC0E0CC1B}.Release|x64.ActiveCfg = Release|Any CPU
		{77190C9F-3F83-4B4E-806F-2BEAC0E0CC1B}.Release|x64.Build.0 = Release|Any CPU
		{77190C9F-3F83-4B4E-806F-2BEAC0E0CC1B}.Release|x86.ActiveCfg = Release|Any CPU
		{77190C9F-3F83-4B4E-806F-2BEAC0E0CC1B}.Release|x86.Build.0 = Release|Any CPU
		{5B6AE57D-2628-4CCA-8192-B530AC10337C}.Debug|Any CPU.ActiveCfg = Debug|Any CPU
		{5B6AE57D-2628-4CCA-8192-B530AC10337C}.Debug|Any CPU.Build.0 = Debug|Any CPU
		{5B6AE57D-2628-4CCA-8192-B530AC10337C}.Debug|x64.ActiveCfg = Debug|Any CPU
		{5B6AE57D-2628-4CCA-8192-B530AC10337C}.Debug|x64.Build.0 = Debug|Any CPU
		{5B6AE57D-2628-4CCA-8192-B530AC10337C}.Debug|x86.ActiveCfg = Debug|Any CPU
		{5B6AE57D-2628-4CCA-8192-B530AC10337C}.Debug|x86.Build.0 = Debug|Any CPU
		{5B6AE57D-2628-4CCA-8192-B530AC10337C}.Release|Any CPU.ActiveCfg = Release|Any CPU
		{5B6AE57D-2628-4CCA-8192-B530AC10337C}.Release|Any CPU.Build.0 = Release|Any CPU
		{5B6AE57D-2628-4CCA-8192-B530AC10337C}.Release|x64.ActiveCfg = Release|Any CPU
		{5B6AE57D-2628-4CCA-8192-B530AC10337C}.Release|x64.Build.0 = Release|Any CPU
		{5B6AE57D-2628-4CCA-8192-B530AC10337C}.Release|x86.ActiveCfg = Release|Any CPU
		{5B6AE57D-2628-4CCA-8192-B530AC10337C}.Release|x86.Build.0 = Release|Any CPU
	EndGlobalSection
	GlobalSection(SolutionProperties) = preSolution
		HideSolutionNode = FALSE
	EndGlobalSection
	GlobalSection(NestedProjects) = preSolution
		{E498A712-DC54-4F88-A659-FAE8410F8E19} = {827E0CD3-B72D-47B6-A68D-7590B98EB39B}
		{07991E24-735F-4984-BEE7-ABB658D0CAD0} = {827E0CD3-B72D-47B6-A68D-7590B98EB39B}
		{C33BF3A7-5E54-4063-B958-FBF1C0538549} = {827E0CD3-B72D-47B6-A68D-7590B98EB39B}
		{77190C9F-3F83-4B4E-806F-2BEAC0E0CC1B} = {827E0CD3-B72D-47B6-A68D-7590B98EB39B}
		{5B6AE57D-2628-4CCA-8192-B530AC10337C} = {827E0CD3-B72D-47B6-A68D-7590B98EB39B}
	EndGlobalSection
EndGlobal
